{
  "name": "random-quizz",
  "version": "0.0.1",
  "lockfileVersion": 2,
  "requires": true,
  "packages": {
    "": {
      "name": "random-quizz",
      "version": "0.0.1",
      "license": "ISC",
      "dependencies": {
        "random-quizz": "^0.0.1"
      }
    },
    "node_modules/random-quizz": {
      "version": "0.0.1",
      "resolved": "https://registry.npmjs.org/random-quizz/-/random-quizz-0.0.1.tgz",
      "integrity": "sha512-mpDn7JevDk9fuhTWW9tJLEsyOy/OF2gifP6itYkJBCClte+AsBxxUahlsFbI0AXQ+qh8XpaosfvUQspi5slizw=="
    }
  },
  "dependencies": {
    "random-quizz": {
      "version": "0.0.1",
      "resolved": "https://registry.npmjs.org/random-quizz/-/random-quizz-0.0.1.tgz",
      "integrity": "sha512-mpDn7JevDk9fuhTWW9tJLEsyOy/OF2gifP6itYkJBCClte+AsBxxUahlsFbI0AXQ+qh8XpaosfvUQspi5slizw=="
    }
  }
}
